{
  "version": 4,
  "terraform_version": "1.6.6",
  "serial": 14,
  "lineage": "488370ea-359b-9d5e-b9f3-f80cbc574142",
  "outputs": {},
  "resources": [
    {
      "mode": "managed",
      "type": "local_file",
      "name": "terraform-introduction",
      "provider": "provider[\"registry.terraform.io/hashicorp/local\"]",
      "instances": [
        {
          "schema_version": 0,
          "attributes": {
            "content": "www.111pkslow.com",
            "content_base64": null,
            "content_base64sha256": "W1tIbm9zcTrbkva26uEvRNkIkKtM21nFMFfC2++2LG0=",
            "content_base64sha512": "3ABG5DBrOHxJe4k7bSP1h1RpuZudaXUgalu1/Sz6zzSYfUCHE/zDF3eA5ufGC23B5N9hGw3rrbbSKt4TsRLqcg==",
            "content_md5": "e8dfe72136a729c7516d08d1e3bde917",
            "content_sha1": "817a3c1a9c83a6e1cfd3b4d9e0f32b989369cf62",
            "content_sha256": "5b5b486e6f73713adb92f6b6eae12f44d90890ab4cdb59c53057c2dbefb62c6d",
            "content_sha512": "dc0046e4306b387c497b893b6d23f5875469b99b9d6975206a5bb5fd2cfacf34987d408713fcc3177780e6e7c60b6dc1e4df611b0debadb6d22ade13b112ea72",
            "directory_permission": "0777",
            "file_permission": "0777",
            "filename": "./terraform-introduction-by-pkslow.txt",
            "id": "817a3c1a9c83a6e1cfd3b4d9e0f32b989369cf62",
            "sensitive_content": null,
            "source": null
          },
          "sensitive_attributes": []
        }
      ]
    }
  ],
  "check_results": null
}
