{
  "version": 4,
  "terraform_version": "1.6.6",
  "serial": 17,
  "lineage": "488370ea-359b-9d5e-b9f3-f80cbc574142",
  "outputs": {},
  "resources": [
    {
      "mode": "managed",
      "type": "local_file",
      "name": "terraform-introduction",
      "provider": "provider[\"registry.terraform.io/hashicorp/local\"]",
      "instances": [
        {
          "schema_version": 0,
          "attributes": {
            "content": "88888888888",
            "content_base64": null,
            "content_base64sha256": "oIjrUxD7V+sas2zqpfCb+hQUs4VmodNiTvj5LVyvCpU=",
            "content_base64sha512": "w0jteoL9ZCumsBgITsISZJyeytSVlGrkWrHQtArm5G5dOzF7ULrgmV5dDpw8ntpzafYYphxx2tT2s28Z5emHCQ==",
            "content_md5": "4bfa5111887c94e2adaf74fa462f7aa5",
            "content_sha1": "276ebef9565d1ed418d15cab7ff671d8e6ac3512",
            "content_sha256": "a088eb5310fb57eb1ab36ceaa5f09bfa1414b38566a1d3624ef8f92d5caf0a95",
            "content_sha512": "c348ed7a82fd642ba6b018084ec212649c9ecad495946ae45ab1d0b40ae6e46e5d3b317b50bae0995e5d0e9c3c9eda7369f618a61c71dad4f6b36f19e5e98709",
            "directory_permission": "0777",
            "file_permission": "0777",
            "filename": "./terraform-introduction-by-pkslow.txt",
            "id": "276ebef9565d1ed418d15cab7ff671d8e6ac3512",
            "sensitive_content": null,
            "source": null
          },
          "sensitive_attributes": []
        }
      ]
    }
  ],
  "check_results": null
}
