{
  "version": 4,
  "terraform_version": "1.6.6",
  "serial": 20,
  "lineage": "488370ea-359b-9d5e-b9f3-f80cbc574142",
  "outputs": {},
  "resources": [
    {
      "mode": "managed",
      "type": "local_file",
      "name": "terraform-introduction",
      "provider": "provider[\"registry.terraform.io/hashicorp/local\"]",
      "instances": [
        {
          "schema_version": 0,
          "attributes": {
            "content": "www.111pkslow.333333333333333com",
            "content_base64": null,
            "content_base64sha256": "smPosEybebfhVUeloJSFk0LilG6GEa8CeldbdAk+Yq0=",
            "content_base64sha512": "lyHAlB+n1ERDmo1X1azwWhO8gylbPSAWUt0K2M82qCG0ikPflZPJs5Z/BmONpFrKHFYfuF77dFi7Lc0LNfkggQ==",
            "content_md5": "1cdf63e648812a91d22b2c9fe8848934",
            "content_sha1": "fdd767e0aeaab4ef717259cfadf7dcc79dbde189",
            "content_sha256": "b263e8b04c9b79b7e15547a5a094859342e2946e8611af027a575b74093e62ad",
            "content_sha512": "9721c0941fa7d444439a8d57d5acf05a13bc83295b3d201652dd0ad8cf36a821b48a43df9593c9b3967f06638da45aca1c561fb85efb7458bb2dcd0b35f92081",
            "directory_permission": "0777",
            "file_permission": "0777",
            "filename": "./terraform-introduction-by-pkslow.txt",
            "id": "fdd767e0aeaab4ef717259cfadf7dcc79dbde189",
            "sensitive_content": null,
            "source": null
          },
          "sensitive_attributes": []
        }
      ]
    }
  ],
  "check_results": null
}
