{
  "version": 4,
  "terraform_version": "1.6.6",
  "serial": 8,
  "lineage": "488370ea-359b-9d5e-b9f3-f80cbc574142",
  "outputs": {},
  "resources": [
    {
      "mode": "managed",
      "type": "local_file",
      "name": "terraform-introduction",
      "provider": "provider[\"registry.terraform.io/hashicorp/local\"]",
      "instances": [
        {
          "schema_version": 0,
          "attributes": {
            "content": "Hi ffss, this is the tutorial of Terraform from pkslow.com",
            "content_base64": null,
            "content_base64sha256": "pGhomGi+f2f0qT+IsMfZiu1X1Vcq7hlk8ip2OLhknx0=",
            "content_base64sha512": "mmhALBiytPE4r94ICfKmVI4fZtgHz/tqkbiIjq/Uyait0MPCniz3/mpGjsUNwXmULsqMF5wEClblm2/6bYQBwg==",
            "content_md5": "822feb770baa42f36056e546050e9e37",
            "content_sha1": "069ca4993ce016ddfa070ce6d74322dfc371bc5b",
            "content_sha256": "a468689868be7f67f4a93f88b0c7d98aed57d5572aee1964f22a7638b8649f1d",
            "content_sha512": "9a68402c18b2b4f138afde0809f2a6548e1f66d807cffb6a91b8888eafd4c9a8add0c3c29e2cf7fe6a468ec50dc179942eca8c179c040a56e59b6ffa6d8401c2",
            "directory_permission": "0777",
            "file_permission": "0777",
            "filename": "./terraform-introduction-by-pkslow.txt",
            "id": "069ca4993ce016ddfa070ce6d74322dfc371bc5b",
            "sensitive_content": null,
            "source": null
          },
          "sensitive_attributes": []
        }
      ]
    }
  ],
  "check_results": null
}
