{
  "version": 4,
  "terraform_version": "1.6.6",
  "serial": 11,
  "lineage": "488370ea-359b-9d5e-b9f3-f80cbc574142",
  "outputs": {},
  "resources": [
    {
      "mode": "managed",
      "type": "local_file",
      "name": "terraform-introduction",
      "provider": "provider[\"registry.terraform.io/hashicorp/local\"]",
      "instances": [
        {
          "schema_version": 0,
          "attributes": {
            "content": "Hi sss, this is the tutorial of Terraform from pkslow.com",
            "content_base64": null,
            "content_base64sha256": "Dcz4RrCF8tkbDJzUg5q9Oar/LBSMQe+MEvo+3RNfVIg=",
            "content_base64sha512": "K0hhuTBIr7SK1gl1AFfLRddjV+r3yYoNTCZGMGeaAend8ASqEjjRR0RuDHXu3qUtJ1BxXahZcwat4hEAmXMZKA==",
            "content_md5": "bca49af78ee1b8d17cafa5890005d908",
            "content_sha1": "99c8b42017ce2bf24a93500fb264c0ec8ccb9a5b",
            "content_sha256": "0dccf846b085f2d91b0c9cd4839abd39aaff2c148c41ef8c12fa3edd135f5488",
            "content_sha512": "2b4861b93048afb48ad609750057cb45d76357eaf7c98a0d4c264630679a01e9ddf004aa1238d147446e0c75eedea52d2750715da8597306ade2110099731928",
            "directory_permission": "0777",
            "file_permission": "0777",
            "filename": "./terraform-introduction-by-pkslow.txt",
            "id": "99c8b42017ce2bf24a93500fb264c0ec8ccb9a5b",
            "sensitive_content": null,
            "source": null
          },
          "sensitive_attributes": []
        }
      ]
    }
  ],
  "check_results": null
}
