{
  "version": 4,
  "terraform_version": "1.6.6",
  "serial": 4,
  "lineage": "488370ea-359b-9d5e-b9f3-f80cbc574142",
  "outputs": {},
  "resources": [
    {
      "mode": "managed",
      "type": "local_file",
      "name": "terraform-introduction",
      "provider": "provider[\"registry.terraform.io/hashicorp/local\"]",
      "instances": [
        {
          "schema_version": 0,
          "attributes": {
            "content": "Hi ffss, this is the tutorial of Terraform from pkslow.com",
            "content_base64": null,
            "directory_permission": "0777",
            "file_permission": "0777",
            "filename": "./terraform-introduction-by-pkslow.txt",
            "id": "069ca4993ce016ddfa070ce6d74322dfc371bc5b",
            "sensitive_content": null,
            "source": null
          },
          "sensitive_attributes": [],
          "private": "bnVsbA=="
        }
      ]
    }
  ],
  "check_results": null
}
